<?xml version="1.0" encoding="utf-8"?>
<Project ToolsVersion="4.0" xmlns="http://schemas.microsoft.com/developer/msbuild/2003">
  <ItemGroup>
    <Filter Include="Common">
      <UniqueIdentifier>{753f626c-4516-46e7-a9db-ecf1b90390f1}</UniqueIdentifier>
    </Filter>
    <Filter Include="AlgorithmTest">
      <UniqueIdentifier>{089a6497-4bb4-46d8-ab0f-dd7242b0ecff}</UniqueIdentifier>
    </Filter>
  </ItemGroup>
  <ItemGroup>
    <ClCompile Include="TestMain.cpp">
      <Filter>Common</Filter>
    </ClCompile>
    <ClCompile Include="Test_1.cpp">
      <Filter>AlgorithmTest</Filter>
    </ClCompile>
    <ClCompile Include="CheckTool.cpp">
      <Filter>Common</Filter>
    </ClCompile>
  </ItemGroup>
  <ItemGroup>
    <ClInclude Include="Common.h">
      <Filter>Common</Filter>
    </ClInclude>
    <ClInclude Include="CheckTool.h">
      <Filter>Common</Filter>
    </ClInclude>
  </ItemGroup>
</Project>